Microsoft Visual Studio Solution File, Format Version 12.00
# Visual Studio Version 17
VisualStudioVersion = 17.5.2.0
MinimumVisualStudioVersion = 10.0.40219.1
Project("{FAE04EC0-301F-11D3-BF4B-00C04F79EFBC}") = "CompTechMod", "CompTechMod.csproj", "{BE5596CF-7740-DAC9-369C-5A4DA92518C7}"
EndProject
Global
	GlobalSection(SolutionConfigurationPlatforms) = preSolution
		Debug|Any CPU = Debug|Any CPU
		Release|Any CPU = Release|Any CPU
	EndGlobalSection
	GlobalSection(ProjectConfigurationPlatforms) = postSolution
		{BE5596CF-7740-DAC9-369C-5A4DA92518C7}.Debug|Any CPU.ActiveCfg = Debug|Any CPU
		{BE5596CF-7740-DAC9-369C-5A4DA92518C7}.Debug|Any CPU.Build.0 = Debug|Any CPU
		{BE5596CF-7740-DAC9-369C-5A4DA92518C7}.Release|Any CPU.ActiveCfg = Release|Any CPU
		{BE5596CF-7740-DAC9-369C-5A4DA92518C7}.Release|Any CPU.Build.0 = Release|Any CPU
	EndGlobalSection
	GlobalSection(SolutionProperties) = preSolution
		HideSolutionNode = FALSE
	EndGlobalSection
	GlobalSection(ExtensibilityGlobals) = postSolution
		SolutionGuid = {9B18AE15-B691-4B2C-BAA6-96C2A2AC5E20}
	EndGlobalSection
EndGlobal
